
Microsoft Visual Studio Solution File, Format Version 12.00
# Visual Studio Version 17
VisualStudioVersion = 17.9.34622.214
MinimumVisualStudioVersion = 10.0.40219.1
Project("{2150E333-8FDC-42A3-9474-1A3956D46DE8}") = "Services", "Services", "{F8FC652B-75B9-44BC-AD54-C95B2D88A5CA}"
EndProject
Project("{2150E333-8FDC-42A3-9474-1A3956D46DE8}") = "Catalog", "Catalog", "{CAD254D7-1125-460F-8925-105EA5548053}"
EndProject
Project("{9A19103F-16F7-4668-BE54-9A1E7A4F7556}") = "CatalogAPI", "Services\Catalog\CatalogAPI\CatalogAPI.csproj", "{8287FF8A-9BA0-44CC-B43E-32A0E84F087D}"
EndProject
Project("{2150E333-8FDC-42A3-9474-1A3956D46DE8}") = "BuildingBlocks", "BuildingBlocks", "{6AAEFCF7-757A-4493-900C-62222010D19D}"
EndProject
Project("{9A19103F-16F7-4668-BE54-9A1E7A4F7556}") = "BuildingBlocks", "BuildingBlocks\BuildingBlocks\BuildingBlocks.csproj", "{298BEFD1-B654-4BB2-804B-C64BA6DAAFB0}"
EndProject
Project("{E53339B2-1760-4266-BCC7-CA923CBCF16C}") = "docker-compose", "docker-compose.dcproj", "{4BED88FA-9C25-42DA-BCFF-FC869657D310}"
EndProject
Project("{2150E333-8FDC-42A3-9474-1A3956D46DE8}") = "Basket", "Basket", "{B71857C8-7E80-4BED-B180-221193BDF4F7}"
EndProject
Project("{9A19103F-16F7-4668-BE54-9A1E7A4F7556}") = "Basket.API", "Services\Basket\Basket.API\Basket.API.csproj", "{B5AFD650-0959-4522-9ECB-C885136A90FE}"
EndProject
Project("{2150E333-8FDC-42A3-9474-1A3956D46DE8}") = "Discount", "Discount", "{B5A77737-6FD6-48D4-A9AA-2B6BB75C563A}"
EndProject
Project("{9A19103F-16F7-4668-BE54-9A1E7A4F7556}") = "Discount.Grpc", "Services\Discount.Grpc\Discount.Grpc.csproj", "{F38D7E4E-4909-45DA-A86B-F2306DBF4A5A}"
EndProject
Project("{2150E333-8FDC-42A3-9474-1A3956D46DE8}") = "Ordering", "Ordering", "{8C735014-1F3B-4BB1-8411-2879F37745AA}"
EndProject
Project("{9A19103F-16F7-4668-BE54-9A1E7A4F7556}") = "Ordering.API", "Services\Ordering\Ordering.API\Ordering.API.csproj", "{7E406013-1914-42C5-B582-B4EE62B58DA6}"
EndProject
Project("{9A19103F-16F7-4668-BE54-9A1E7A4F7556}") = "Ordering.Domain", "Services\Ordering\Ordering.Domain\Ordering.Domain.csproj", "{0B17AB26-2B22-4B55-B16E-814FE391193B}"
EndProject
Project("{9A19103F-16F7-4668-BE54-9A1E7A4F7556}") = "Ordering.Application", "Services\Ordering\Ordering.Application\Ordering.Application.csproj", "{CA3EDDDE-BD40-40DB-9109-FFD848EE26C5}"
EndProject
Project("{9A19103F-16F7-4668-BE54-9A1E7A4F7556}") = "Ordering.InfraStructure", "Services\Ordering\Ordering.InfraStructure\Ordering.InfraStructure.csproj", "{CA29D1C7-D09C-4758-A2AD-953FBE0A7DEC}"
EndProject
Project("{9A19103F-16F7-4668-BE54-9A1E7A4F7556}") = "BuildingBlock.Messaging", "BuildingBlocks\BuildingBlock.Messaging\BuildingBlock.Messaging.csproj", "{A701DF77-9E02-4CAF-B014-C87D9D84430D}"
EndProject
Project("{2150E333-8FDC-42A3-9474-1A3956D46DE8}") = "ApiGateways", "ApiGateways", "{82EC2B1E-9699-4720-8033-7A408D4DF0B6}"
EndProject
Project("{FAE04EC0-301F-11D3-BF4B-00C04F79EFBC}") = "YarpApiGateway", "ApiGateways\YarpApiGateway\YarpApiGateway.csproj", "{8482028F-F82D-4DF5-BA85-798CCA55BBC6}"
EndProject
Global
	GlobalSection(SolutionConfigurationPlatforms) = preSolution
		Debug|Any CPU = Debug|Any CPU
		Release|Any CPU = Release|Any CPU
	EndGlobalSection
	GlobalSection(ProjectConfigurationPlatforms) = postSolution
		{8287FF8A-9BA0-44CC-B43E-32A0E84F087D}.Debug|Any CPU.ActiveCfg = Debug|Any CPU
		{8287FF8A-9BA0-44CC-B43E-32A0E84F087D}.Debug|Any CPU.Build.0 = Debug|Any CPU
		{8287FF8A-9BA0-44CC-B43E-32A0E84F087D}.Release|Any CPU.ActiveCfg = Release|Any CPU
		{8287FF8A-9BA0-44CC-B43E-32A0E84F087D}.Release|Any CPU.Build.0 = Release|Any CPU
		{298BEFD1-B654-4BB2-804B-C64BA6DAAFB0}.Debug|Any CPU.ActiveCfg = Debug|Any CPU
		{298BEFD1-B654-4BB2-804B-C64BA6DAAFB0}.Debug|Any CPU.Build.0 = Debug|Any CPU
		{298BEFD1-B654-4BB2-804B-C64BA6DAAFB0}.Release|Any CPU.ActiveCfg = Release|Any CPU
		{298BEFD1-B654-4BB2-804B-C64BA6DAAFB0}.Release|Any CPU.Build.0 = Release|Any CPU
		{4BED88FA-9C25-42DA-BCFF-FC869657D310}.Debug|Any CPU.ActiveCfg = Debug|Any CPU
		{4BED88FA-9C25-42DA-BCFF-FC869657D310}.Debug|Any CPU.Build.0 = Debug|Any CPU
		{4BED88FA-9C25-42DA-BCFF-FC869657D310}.Release|Any CPU.ActiveCfg = Release|Any CPU
		{4BED88FA-9C25-42DA-BCFF-FC869657D310}.Release|Any CPU.Build.0 = Release|Any CPU
		{B5AFD650-0959-4522-9ECB-C885136A90FE}.Debug|Any CPU.ActiveCfg = Debug|Any CPU
		{B5AFD650-0959-4522-9ECB-C885136A90FE}.Debug|Any CPU.Build.0 = Debug|Any CPU
		{B5AFD650-0959-4522-9ECB-C885136A90FE}.Release|Any CPU.ActiveCfg = Release|Any CPU
		{B5AFD650-0959-4522-9ECB-C885136A90FE}.Release|Any CPU.Build.0 = Release|Any CPU
		{F38D7E4E-4909-45DA-A86B-F2306DBF4A5A}.Debug|Any CPU.ActiveCfg = Debug|Any CPU
		{F38D7E4E-4909-45DA-A86B-F2306DBF4A5A}.Debug|Any CPU.Build.0 = Debug|Any CPU
		{F38D7E4E-4909-45DA-A86B-F2306DBF4A5A}.Release|Any CPU.ActiveCfg = Release|Any CPU
		{F38D7E4E-4909-45DA-A86B-F2306DBF4A5A}.Release|Any CPU.Build.0 = Release|Any CPU
		{7E406013-1914-42C5-B582-B4EE62B58DA6}.Debug|Any CPU.ActiveCfg = Debug|Any CPU
		{7E406013-1914-42C5-B582-B4EE62B58DA6}.Debug|Any CPU.Build.0 = Debug|Any CPU
		{7E406013-1914-42C5-B582-B4EE62B58DA6}.Release|Any CPU.ActiveCfg = Release|Any CPU
		{7E406013-1914-42C5-B582-B4EE62B58DA6}.Release|Any CPU.Build.0 = Release|Any CPU
		{0B17AB26-2B22-4B55-B16E-814FE391193B}.Debug|Any CPU.ActiveCfg = Debug|Any CPU
		{0B17AB26-2B22-4B55-B16E-814FE391193B}.Debug|Any CPU.Build.0 = Debug|Any CPU
		{0B17AB26-2B22-4B55-B16E-814FE391193B}.Release|Any CPU.ActiveCfg = Release|Any CPU
		{0B17AB26-2B22-4B55-B16E-814FE391193B}.Release|Any CPU.Build.0 = Release|Any CPU
		{CA3EDDDE-BD40-40DB-9109-FFD848EE26C5}.Debug|Any CPU.ActiveCfg = Debug|Any CPU
		{CA3EDDDE-BD40-40DB-9109-FFD848EE26C5}.Debug|Any CPU.Build.0 = Debug|Any CPU
		{CA3EDDDE-BD40-40DB-9109-FFD848EE26C5}.Release|Any CPU.ActiveCfg = Release|Any CPU
		{CA3EDDDE-BD40-40DB-9109-FFD848EE26C5}.Release|Any CPU.Build.0 = Release|Any CPU
		{CA29D1C7-D09C-4758-A2AD-953FBE0A7DEC}.Debug|Any CPU.ActiveCfg = Debug|Any CPU
		{CA29D1C7-D09C-4758-A2AD-953FBE0A7DEC}.Debug|Any CPU.Build.0 = Debug|Any CPU
		{CA29D1C7-D09C-4758-A2AD-953FBE0A7DEC}.Release|Any CPU.ActiveCfg = Release|Any CPU
		{CA29D1C7-D09C-4758-A2AD-953FBE0A7DEC}.Release|Any CPU.Build.0 = Release|Any CPU
		{A701DF77-9E02-4CAF-B014-C87D9D84430D}.Debug|Any CPU.ActiveCfg = Debug|Any CPU
		{A701DF77-9E02-4CAF-B014-C87D9D84430D}.Debug|Any CPU.Build.0 = Debug|Any CPU
		{A701DF77-9E02-4CAF-B014-C87D9D84430D}.Release|Any CPU.ActiveCfg = Release|Any CPU
		{A701DF77-9E02-4CAF-B014-C87D9D84430D}.Release|Any CPU.Build.0 = Release|Any CPU
		{8482028F-F82D-4DF5-BA85-798CCA55BBC6}.Debug|Any CPU.ActiveCfg = Debug|Any CPU
		{8482028F-F82D-4DF5-BA85-798CCA55BBC6}.Debug|Any CPU.Build.0 = Debug|Any CPU
		{8482028F-F82D-4DF5-BA85-798CCA55BBC6}.Release|Any CPU.ActiveCfg = Release|Any CPU
		{8482028F-F82D-4DF5-BA85-798CCA55BBC6}.Release|Any CPU.Build.0 = Release|Any CPU
	EndGlobalSection
	GlobalSection(SolutionProperties) = preSolution
		HideSolutionNode = FALSE
	EndGlobalSection
	GlobalSection(NestedProjects) = preSolution
		{CAD254D7-1125-460F-8925-105EA5548053} = {F8FC652B-75B9-44BC-AD54-C95B2D88A5CA}
		{8287FF8A-9BA0-44CC-B43E-32A0E84F087D} = {CAD254D7-1125-460F-8925-105EA5548053}
		{6AAEFCF7-757A-4493-900C-62222010D19D} = {F8FC652B-75B9-44BC-AD54-C95B2D88A5CA}
		{298BEFD1-B654-4BB2-804B-C64BA6DAAFB0} = {6AAEFCF7-757A-4493-900C-62222010D19D}
		{B71857C8-7E80-4BED-B180-221193BDF4F7} = {F8FC652B-75B9-44BC-AD54-C95B2D88A5CA}
		{B5AFD650-0959-4522-9ECB-C885136A90FE} = {B71857C8-7E80-4BED-B180-221193BDF4F7}
		{B5A77737-6FD6-48D4-A9AA-2B6BB75C563A} = {F8FC652B-75B9-44BC-AD54-C95B2D88A5CA}
		{F38D7E4E-4909-45DA-A86B-F2306DBF4A5A} = {B5A77737-6FD6-48D4-A9AA-2B6BB75C563A}
		{8C735014-1F3B-4BB1-8411-2879F37745AA} = {F8FC652B-75B9-44BC-AD54-C95B2D88A5CA}
		{7E406013-1914-42C5-B582-B4EE62B58DA6} = {8C735014-1F3B-4BB1-8411-2879F37745AA}
		{0B17AB26-2B22-4B55-B16E-814FE391193B} = {8C735014-1F3B-4BB1-8411-2879F37745AA}
		{CA3EDDDE-BD40-40DB-9109-FFD848EE26C5} = {8C735014-1F3B-4BB1-8411-2879F37745AA}
		{CA29D1C7-D09C-4758-A2AD-953FBE0A7DEC} = {8C735014-1F3B-4BB1-8411-2879F37745AA}
		{A701DF77-9E02-4CAF-B014-C87D9D84430D} = {6AAEFCF7-757A-4493-900C-62222010D19D}
		{8482028F-F82D-4DF5-BA85-798CCA55BBC6} = {82EC2B1E-9699-4720-8033-7A408D4DF0B6}
	EndGlobalSection
	GlobalSection(ExtensibilityGlobals) = postSolution
		SolutionGuid = {D9626ED1-88EB-45FA-8DEC-7CDFE2BA35BF}
	EndGlobalSection
EndGlobal
